Microsoft Visual Studio Solution File, Format Version 12.00
# Visual Studio Version 17
VisualStudioVersion = 17.6.33417.168
MinimumVisualStudioVersion = 10.0.40219.1
Project("{9A19103F-16F7-4668-BE54-9A1E7A4F7556}") = "DaprShop.ShoppingCart.API", "DaprShop.ShoppingCart.API\DaprShop.ShoppingCart.API.csproj", "{6464A5FF-540A-484C-91B7-BBB22E7C219E}"
EndProject
Project("{9A19103F-16F7-4668-BE54-9A1E7A4F7556}") = "DaprShop.Contracts", "DaprShop.Contracts\DaprShop.Contracts.csproj", "{AC9F9A8B-C150-4353-A410-CA4EE786312B}"
EndProject
Project("{2150E333-8FDC-42A3-9474-1A3956D46DE8}") = ".common", ".common", "{B43EC5F4-345E-4772-9AE2-49F189A8D21A}"
	ProjectSection(SolutionItems) = preProject
		.editorconfig = .editorconfig
		.gitignore = .gitignore
		Directory.Build.props = Directory.Build.props
		global.json = global.json
		readme.md = readme.md
		.github\workflows\run-workflows.ps1 = .github\workflows\run-workflows.ps1
		secrets.json = secrets.json
		start-dapr-sidecars.cmd = start-dapr-sidecars.cmd
	EndProjectSection
EndProject
Project("{9A19103F-16F7-4668-BE54-9A1E7A4F7556}") = "DaprShop.UserManagement.API", "DaprShop.UserManagement.API\DaprShop.UserManagement.API.csproj", "{FCAE531D-C4C2-4888-BDFD-A79E566BA22F}"
EndProject
Project("{9A19103F-16F7-4668-BE54-9A1E7A4F7556}") = "DaprShop.Products.API", "DaprShop.Products.API\DaprShop.Products.API.csproj", "{C5771FC3-0ECC-45B1-A5A5-1B4F02B6C215}"
EndProject
Project("{9A19103F-16F7-4668-BE54-9A1E7A4F7556}") = "DaprShop.Orders.API", "DaprShop.Orders.API\DaprShop.Orders.API.csproj", "{FC43BBF1-8D06-44B4-B4BD-89880DBB18AE}"
EndProject
Project("{9A19103F-16F7-4668-BE54-9A1E7A4F7556}") = "DaprShop.Gateway.API", "DaprShop.Gateway.API\DaprShop.Gateway.API.csproj", "{0628D502-1110-487E-A512-2A36999C7D88}"
EndProject
Project("{9A19103F-16F7-4668-BE54-9A1E7A4F7556}") = "DaprShop.Extensions", "DaprShop.DaprExtensions\DaprShop.Extensions.csproj", "{798FCF58-A88D-41A7-B238-39E79EF95F4A}"
EndProject
Project("{2150E333-8FDC-42A3-9474-1A3956D46DE8}") = "dapr-components", "dapr-components", "{C6EAA860-164F-40B6-812E-5D31CC229960}"
	ProjectSection(SolutionItems) = preProject
		components\pubsub.yaml = components\pubsub.yaml
		components\secrets.yaml = components\secrets.yaml
		components\sendgrid.yml = components\sendgrid.yml
		components\statestore.yaml = components\statestore.yaml
	EndProjectSection
EndProject
Project("{9A19103F-16F7-4668-BE54-9A1E7A4F7556}") = "DaprShop.Notifications.API", "DaprShop.Notifications.API\DaprShop.Notifications.API.csproj", "{96041A6D-2AAE-4961-80CD-C9B1CBEE7A82}"
EndProject
Global
	GlobalSection(SolutionConfigurationPlatforms) = preSolution
		Debug|Any CPU = Debug|Any CPU
		Release|Any CPU = Release|Any CPU
	EndGlobalSection
	GlobalSection(ProjectConfigurationPlatforms) = postSolution
		{6464A5FF-540A-484C-91B7-BBB22E7C219E}.Debug|Any CPU.ActiveCfg = Debug|Any CPU
		{6464A5FF-540A-484C-91B7-BBB22E7C219E}.Debug|Any CPU.Build.0 = Debug|Any CPU
		{6464A5FF-540A-484C-91B7-BBB22E7C219E}.Release|Any CPU.ActiveCfg = Release|Any CPU
		{6464A5FF-540A-484C-91B7-BBB22E7C219E}.Release|Any CPU.Build.0 = Release|Any CPU
		{AC9F9A8B-C150-4353-A410-CA4EE786312B}.Debug|Any CPU.ActiveCfg = Debug|Any CPU
		{AC9F9A8B-C150-4353-A410-CA4EE786312B}.Debug|Any CPU.Build.0 = Debug|Any CPU
		{AC9F9A8B-C150-4353-A410-CA4EE786312B}.Release|Any CPU.ActiveCfg = Release|Any CPU
		{AC9F9A8B-C150-4353-A410-CA4EE786312B}.Release|Any CPU.Build.0 = Release|Any CPU
		{FCAE531D-C4C2-4888-BDFD-A79E566BA22F}.Debug|Any CPU.ActiveCfg = Debug|Any CPU
		{FCAE531D-C4C2-4888-BDFD-A79E566BA22F}.Debug|Any CPU.Build.0 = Debug|Any CPU
		{FCAE531D-C4C2-4888-BDFD-A79E566BA22F}.Release|Any CPU.ActiveCfg = Release|Any CPU
		{FCAE531D-C4C2-4888-BDFD-A79E566BA22F}.Release|Any CPU.Build.0 = Release|Any CPU
		{C5771FC3-0ECC-45B1-A5A5-1B4F02B6C215}.Debug|Any CPU.ActiveCfg = Debug|Any CPU
		{C5771FC3-0ECC-45B1-A5A5-1B4F02B6C215}.Debug|Any CPU.Build.0 = Debug|Any CPU
		{C5771FC3-0ECC-45B1-A5A5-1B4F02B6C215}.Release|Any CPU.ActiveCfg = Release|Any CPU
		{C5771FC3-0ECC-45B1-A5A5-1B4F02B6C215}.Release|Any CPU.Build.0 = Release|Any CPU
		{FC43BBF1-8D06-44B4-B4BD-89880DBB18AE}.Debug|Any CPU.ActiveCfg = Debug|Any CPU
		{FC43BBF1-8D06-44B4-B4BD-89880DBB18AE}.Debug|Any CPU.Build.0 = Debug|Any CPU
		{FC43BBF1-8D06-44B4-B4BD-89880DBB18AE}.Release|Any CPU.ActiveCfg = Release|Any CPU
		{FC43BBF1-8D06-44B4-B4BD-89880DBB18AE}.Release|Any CPU.Build.0 = Release|Any CPU
		{0628D502-1110-487E-A512-2A36999C7D88}.Debug|Any CPU.ActiveCfg = Debug|Any CPU
		{0628D502-1110-487E-A512-2A36999C7D88}.Debug|Any CPU.Build.0 = Debug|Any CPU
		{0628D502-1110-487E-A512-2A36999C7D88}.Release|Any CPU.ActiveCfg = Release|Any CPU
		{0628D502-1110-487E-A512-2A36999C7D88}.Release|Any CPU.Build.0 = Release|Any CPU
		{798FCF58-A88D-41A7-B238-39E79EF95F4A}.Debug|Any CPU.ActiveCfg = Debug|Any CPU
		{798FCF58-A88D-41A7-B238-39E79EF95F4A}.Debug|Any CPU.Build.0 = Debug|Any CPU
		{798FCF58-A88D-41A7-B238-39E79EF95F4A}.Release|Any CPU.ActiveCfg = Release|Any CPU
		{798FCF58-A88D-41A7-B238-39E79EF95F4A}.Release|Any CPU.Build.0 = Release|Any CPU
		{96041A6D-2AAE-4961-80CD-C9B1CBEE7A82}.Debug|Any CPU.ActiveCfg = Debug|Any CPU
		{96041A6D-2AAE-4961-80CD-C9B1CBEE7A82}.Debug|Any CPU.Build.0 = Debug|Any CPU
		{96041A6D-2AAE-4961-80CD-C9B1CBEE7A82}.Release|Any CPU.ActiveCfg = Release|Any CPU
		{96041A6D-2AAE-4961-80CD-C9B1CBEE7A82}.Release|Any CPU.Build.0 = Release|Any CPU
	EndGlobalSection
	GlobalSection(SolutionProperties) = preSolution
		HideSolutionNode = FALSE
	EndGlobalSection
	GlobalSection(ExtensibilityGlobals) = postSolution
		SolutionGuid = {E73B53E0-831A-4D89-9488-C550422E4199}
	EndGlobalSection
EndGlobal
